# This file is autogenerated, do not edit; changes may be undone by the next 'dep ensure'.


[[projects]]
  name = "github.com/liut0/gomultilinter"
  packages = ["api"]
  revision = "41f2bb8eb3546fcb67f2457738879ccd0bc3c224"
  version = "v0.0.1"

[[projects]]
  name = "github.com/ryanuber/go-license"
  packages = ["."]
  revision = "3878fc8f33ea4637cf02cf8a0bf926288a246ceb"

[[projects]]
  branch = "master"
  name = "golang.org/x/net"
  packages = ["context"]
  revision = "e0c57d8f86c17f0724497efcb3bc617e82834821"

[[projects]]
  branch = "master"
  name = "golang.org/x/tools"
  packages = [
    "go/ast/astutil",
    "go/buildutil",
    "go/loader"
  ]
  revision = "5ad4d95e58135daa27cc1463f290951ea6fe0809"

[solve-meta]
  analyzer-name = "dep"
  analyzer-version = 1
  inputs-digest = "8ef00a1c8acdc67d9ec2893910eff0e9ac3d95fe4a6a1777a67b7ae47421676e"
  solver-name = "gps-cdcl"
  solver-version = 1
